// !$*UTF8*$!
{
	archiveVersion = 1;
	classes = {
	};
	objectVersion = 56;
	objects = {

/* Begin PBXBuildFile section */
		62073E8F2AAF4AD70030A1BE /* SelectedPostManager.swift in Sources */ = {isa = PBXBuildFile; fileRef = 62073E8E2AAF4AD70030A1BE /* SelectedPostManager.swift */; };
		62073E912AAF635C0030A1BE /* PostsManager.swift in Sources */ = {isa = PBXBuildFile; fileRef = 62073E902AAF635C0030A1BE /* PostsManager.swift */; };
		62C99ED42AADC3DA00F1BC1E /* AppDelegate.swift in Sources */ = {isa = PBXBuildFile; fileRef = 62C99ED32AADC3DA00F1BC1E /* AppDelegate.swift */; };
		62C99ED62AADC3DA00F1BC1E /* SceneDelegate.swift in Sources */ = {isa = PBXBuildFile; fileRef = 62C99ED52AADC3DA00F1BC1E /* SceneDelegate.swift */; };
		62C99ED82AADC3DA00F1BC1E /* PostsController.swift in Sources */ = {isa = PBXBuildFile; fileRef = 62C99ED72AADC3DA00F1BC1E /* PostsController.swift */; };
		62C99EDB2AADC3DA00F1BC1E /* Main.storyboard in Resources */ = {isa = PBXBuildFile; fileRef = 62C99ED92AADC3DA00F1BC1E /* Main.storyboard */; };
		62C99EDD2AADC3DA00F1BC1E /* Assets.xcassets in Resources */ = {isa = PBXBuildFile; fileRef = 62C99EDC2AADC3DA00F1BC1E /* Assets.xcassets */; };
		62C99EE02AADC3DA00F1BC1E /* LaunchScreen.storyboard in Resources */ = {isa = PBXBuildFile; fileRef = 62C99EDE2AADC3DA00F1BC1E /* LaunchScreen.storyboard */; };
		62C99EEA2AADC76800F1BC1E /* PostCell.xib in Resources */ = {isa = PBXBuildFile; fileRef = 62C99EE92AADC76800F1BC1E /* PostCell.xib */; };
		62C99EEE2AADCC6C00F1BC1E /* Alamofire in Frameworks */ = {isa = PBXBuildFile; productRef = 62C99EED2AADCC6C00F1BC1E /* Alamofire */; };
		62C99EF22AADCDAE00F1BC1E /* ApiManager.swift in Sources */ = {isa = PBXBuildFile; fileRef = 62C99EF12AADCDAE00F1BC1E /* ApiManager.swift */; };
		62C99EF62AADCEF700F1BC1E /* ApiDataModel.swift in Sources */ = {isa = PBXBuildFile; fileRef = 62C99EF52AADCEF700F1BC1E /* ApiDataModel.swift */; };
		62C99EF92AADCFDD00F1BC1E /* Constants.swift in Sources */ = {isa = PBXBuildFile; fileRef = 62C99EF82AADCFDD00F1BC1E /* Constants.swift */; };
		62C99EFD2AADDF9300F1BC1E /* PostCell.swift in Sources */ = {isa = PBXBuildFile; fileRef = 62C99EFC2AADDF9300F1BC1E /* PostCell.swift */; };
		62C99F062AAF2D6A00F1BC1E /* SelectedPostController.swift in Sources */ = {isa = PBXBuildFile; fileRef = 62C99F052AAF2D6A00F1BC1E /* SelectedPostController.swift */; };
		62C99F092AAF362400F1BC1E /* Kingfisher in Frameworks */ = {isa = PBXBuildFile; productRef = 62C99F082AAF362400F1BC1E /* Kingfisher */; };
/* End PBXBuildFile section */

/* Begin PBXFileReference section */
		62073E8E2AAF4AD70030A1BE /* SelectedPostManager.swift */ = {isa = PBXFileReference; lastKnownFileType = sourcecode.swift; path = SelectedPostManager.swift; sourceTree = "<group>"; };
		62073E902AAF635C0030A1BE /* PostsManager.swift */ = {isa = PBXFileReference; lastKnownFileType = sourcecode.swift; path = PostsManager.swift; sourceTree = "<group>"; };
		62C99ED02AADC3DA00F1BC1E /* NewsPosts.app */ = {isa = PBXFileReference; explicitFileType = wrapper.application; includeInIndex = 0; path = NewsPosts.app; sourceTree = BUILT_PRODUCTS_DIR; };
		62C99ED32AADC3DA00F1BC1E /* AppDelegate.swift */ = {isa = PBXFileReference; lastKnownFileType = sourcecode.swift; path = AppDelegate.swift; sourceTree = "<group>"; };
		62C99ED52AADC3DA00F1BC1E /* SceneDelegate.swift */ = {isa = PBXFileReference; lastKnownFileType = sourcecode.swift; path = SceneDelegate.swift; sourceTree = "<group>"; };
		62C99ED72AADC3DA00F1BC1E /* PostsController.swift */ = {isa = PBXFileReference; lastKnownFileType = sourcecode.swift; path = PostsController.swift; sourceTree = "<group>"; };
		62C99EDA2AADC3DA00F1BC1E /* Base */ = {isa = PBXFileReference; lastKnownFileType = file.storyboard; name = Base; path = Base.lproj/Main.storyboard; sourceTree = "<group>"; };
		62C99EDC2AADC3DA00F1BC1E /* Assets.xcassets */ = {isa = PBXFileReference; lastKnownFileType = folder.assetcatalog; path = Assets.xcassets; sourceTree = "<group>"; };
		62C99EDF2AADC3DA00F1BC1E /* Base */ = {isa = PBXFileReference; lastKnownFileType = file.storyboard; name = Base; path = Base.lproj/LaunchScreen.storyboard; sourceTree = "<group>"; };
		62C99EE12AADC3DA00F1BC1E /* Info.plist */ = {isa = PBXFileReference; lastKnownFileType = text.plist.xml; path = Info.plist; sourceTree = "<group>"; };
		62C99EE92AADC76800F1BC1E /* PostCell.xib */ = {isa = PBXFileReference; lastKnownFileType = file.xib; path = PostCell.xib; sourceTree = "<group>"; };
		62C99EF12AADCDAE00F1BC1E /* ApiManager.swift */ = {isa = PBXFileReference; lastKnownFileType = sourcecode.swift; path = ApiManager.swift; sourceTree = "<group>"; };
		62C99EF52AADCEF700F1BC1E /* ApiDataModel.swift */ = {isa = PBXFileReference; lastKnownFileType = sourcecode.swift; path = ApiDataModel.swift; sourceTree = "<group>"; };
		62C99EF82AADCFDD00F1BC1E /* Constants.swift */ = {isa = PBXFileReference; lastKnownFileType = sourcecode.swift; path = Constants.swift; sourceTree = "<group>"; };
		62C99EFC2AADDF9300F1BC1E /* PostCell.swift */ = {isa = PBXFileReference; lastKnownFileType = sourcecode.swift; name = PostCell.swift; path = NewsPosts/Views/PostCell.swift; sourceTree = SOURCE_ROOT; };
		62C99F052AAF2D6A00F1BC1E /* SelectedPostController.swift */ = {isa = PBXFileReference; lastKnownFileType = sourcecode.swift; path = SelectedPostController.swift; sourceTree = "<group>"; };
/* End PBXFileReference section */

/* Begin PBXFrameworksBuildPhase section */
		62C99ECD2AADC3DA00F1BC1E /* Frameworks */ = {
			isa = PBXFrameworksBuildPhase;
			buildActionMask = 2147483647;
			files = (
				62C99F092AAF362400F1BC1E /* Kingfisher in Frameworks */,
				62C99EEE2AADCC6C00F1BC1E /* Alamofire in Frameworks */,
			);
			runOnlyForDeploymentPostprocessing = 0;
		};
/* End PBXFrameworksBuildPhase section */

/* Begin PBXGroup section */
		6201E7DB2AD0A2F40020E3E6 /* Services */ = {
			isa = PBXGroup;
			children = (
				62C99EF12AADCDAE00F1BC1E /* ApiManager.swift */,
			);
			path = Services;
			sourceTree = "<group>";
		};
		62C99EC72AADC3D900F1BC1E = {
			isa = PBXGroup;
			children = (
				62C99ED22AADC3DA00F1BC1E /* NewsPosts */,
				62C99ED12AADC3DA00F1BC1E /* Products */,
			);
			sourceTree = "<group>";
		};
		62C99ED12AADC3DA00F1BC1E /* Products */ = {
			isa = PBXGroup;
			children = (
				62C99ED02AADC3DA00F1BC1E /* NewsPosts.app */,
			);
			name = Products;
			sourceTree = "<group>";
		};
		62C99ED22AADC3DA00F1BC1E /* NewsPosts */ = {
			isa = PBXGroup;
			children = (
				62C99ED32AADC3DA00F1BC1E /* AppDelegate.swift */,
				62C99ED52AADC3DA00F1BC1E /* SceneDelegate.swift */,
				6201E7DB2AD0A2F40020E3E6 /* Services */,
				62C99EF02AADCD8300F1BC1E /* Controllers */,
				62C99EEF2AADCD7200F1BC1E /* Models */,
				62C99EEB2AADCA5900F1BC1E /* Views */,
				62C99EF72AADCFC700F1BC1E /* Resources */,
				62C99EE12AADC3DA00F1BC1E /* Info.plist */,
			);
			path = NewsPosts;
			sourceTree = "<group>";
		};
		62C99EEB2AADCA5900F1BC1E /* Views */ = {
			isa = PBXGroup;
			children = (
				62C99EDE2AADC3DA00F1BC1E /* LaunchScreen.storyboard */,
				62C99ED92AADC3DA00F1BC1E /* Main.storyboard */,
				62C99EE92AADC76800F1BC1E /* PostCell.xib */,
				62C99EFC2AADDF9300F1BC1E /* PostCell.swift */,
			);
			path = Views;
			sourceTree = "<group>";
		};
		62C99EEF2AADCD7200F1BC1E /* Models */ = {
			isa = PBXGroup;
			children = (
				62C99EF52AADCEF700F1BC1E /* ApiDataModel.swift */,
				62073E8E2AAF4AD70030A1BE /* SelectedPostManager.swift */,
				62073E902AAF635C0030A1BE /* PostsManager.swift */,
			);
			path = Models;
			sourceTree = "<group>";
		};
		62C99EF02AADCD8300F1BC1E /* Controllers */ = {
			isa = PBXGroup;
			children = (
				62C99ED72AADC3DA00F1BC1E /* PostsController.swift */,
				62C99F052AAF2D6A00F1BC1E /* SelectedPostController.swift */,
			);
			path = Controllers;
			sourceTree = "<group>";
		};
		62C99EF72AADCFC700F1BC1E /* Resources */ = {
			isa = PBXGroup;
			children = (
				62C99EDC2AADC3DA00F1BC1E /* Assets.xcassets */,
				62C99EF82AADCFDD00F1BC1E /* Constants.swift */,
			);
			path = Resources;
			sourceTree = "<group>";
		};
/* End PBXGroup section */

/* Begin PBXNativeTarget section */
		62C99ECF2AADC3DA00F1BC1E /* NewsPosts */ = {
			isa = PBXNativeTarget;
			buildConfigurationList = 62C99EE42AADC3DA00F1BC1E /* Build configuration list for PBXNativeTarget "NewsPosts" */;
			buildPhases = (
				62C99ECC2AADC3DA00F1BC1E /* Sources */,
				62C99ECD2AADC3DA00F1BC1E /* Frameworks */,
				62C99ECE2AADC3DA00F1BC1E /* Resources */,
			);
			buildRules = (
			);
			dependencies = (
			);
			name = NewsPosts;
			packageProductDependencies = (
				62C99EED2AADCC6C00F1BC1E /* Alamofire */,
				62C99F082AAF362400F1BC1E /* Kingfisher */,
			);
			productName = NewsPosts;
			productReference = 62C99ED02AADC3DA00F1BC1E /* NewsPosts.app */;
			productType = "com.apple.product-type.application";
		};
/* End PBXNativeTarget section */

/* Begin PBXProject section */
		62C99EC82AADC3D900F1BC1E /* Project object */ = {
			isa = PBXProject;
			attributes = {
				BuildIndependentTargetsInParallel = 1;
				LastSwiftUpdateCheck = 1430;
				LastUpgradeCheck = 1430;
				TargetAttributes = {
					62C99ECF2AADC3DA00F1BC1E = {
						CreatedOnToolsVersion = 14.3.1;
					};
				};
			};
			buildConfigurationList = 62C99ECB2AADC3D900F1BC1E /* Build configuration list for PBXProject "NewsPosts" */;
			compatibilityVersion = "Xcode 14.0";
			developmentRegion = en;
			hasScannedForEncodings = 0;
			knownRegions = (
				en,
				Base,
			);
			mainGroup = 62C99EC72AADC3D900F1BC1E;
			packageReferences = (
				62C99EEC2AADCC6C00F1BC1E /* XCRemoteSwiftPackageReference "Alamofire" */,
				62C99F072AAF362400F1BC1E /* XCRemoteSwiftPackageReference "Kingfisher" */,
			);
			productRefGroup = 62C99ED12AADC3DA00F1BC1E /* Products */;
			projectDirPath = "";
			projectRoot = "";
			targets = (
				62C99ECF2AADC3DA00F1BC1E /* NewsPosts */,
			);
		};
/* End PBXProject section */

/* Begin PBXResourcesBuildPhase section */
		62C99ECE2AADC3DA00F1BC1E /* Resources */ = {
			isa = PBXResourcesBuildPhase;
			buildActionMask = 2147483647;
			files = (
				62C99EE02AADC3DA00F1BC1E /* LaunchScreen.storyboard in Resources */,
				62C99EDD2AADC3DA00F1BC1E /* Assets.xcassets in Resources */,
				62C99EDB2AADC3DA00F1BC1E /* Main.storyboard in Resources */,
				62C99EEA2AADC76800F1BC1E /* PostCell.xib in Resources */,
			);
			runOnlyForDeploymentPostprocessing = 0;
		};
/* End PBXResourcesBuildPhase section */

/* Begin PBXSourcesBuildPhase section */
		62C99ECC2AADC3DA00F1BC1E /* Sources */ = {
			isa = PBXSourcesBuildPhase;
			buildActionMask = 2147483647;
			files = (
				62C99EFD2AADDF9300F1BC1E /* PostCell.swift in Sources */,
				62C99EF22AADCDAE00F1BC1E /* ApiManager.swift in Sources */,
				62C99F062AAF2D6A00F1BC1E /* SelectedPostController.swift in Sources */,
				62073E912AAF635C0030A1BE /* PostsManager.swift in Sources */,
				62C99ED82AADC3DA00F1BC1E /* PostsController.swift in Sources */,
				62C99EF62AADCEF700F1BC1E /* ApiDataModel.swift in Sources */,
				62C99ED42AADC3DA00F1BC1E /* AppDelegate.swift in Sources */,
				62C99ED62AADC3DA00F1BC1E /* SceneDelegate.swift in Sources */,
				62073E8F2AAF4AD70030A1BE /* SelectedPostManager.swift in Sources */,
				62C99EF92AADCFDD00F1BC1E /* Constants.swift in Sources */,
			);
			runOnlyForDeploymentPostprocessing = 0;
		};
/* End PBXSourcesBuildPhase section */

/* Begin PBXVariantGroup section */
		62C99ED92AADC3DA00F1BC1E /* Main.storyboard */ = {
			isa = PBXVariantGroup;
			children = (
				62C99EDA2AADC3DA00F1BC1E /* Base */,
			);
			name = Main.storyboard;
			sourceTree = "<group>";
		};
		62C99EDE2AADC3DA00F1BC1E /* LaunchScreen.storyboard */ = {
			isa = PBXVariantGroup;
			children = (
				62C99EDF2AADC3DA00F1BC1E /* Base */,
			);
			name = LaunchScreen.storyboard;
			sourceTree = "<group>";
		};
/* End PBXVariantGroup section */

/* Begin XCBuildConfiguration section */
		62C99EE22AADC3DA00F1BC1E /* Debug */ = {
			isa = XCBuildConfiguration;
			buildSettings = {
				ALWAYS_SEARCH_USER_PATHS = NO;
				CLANG_ANALYZER_NONNULL = YES;
				CLANG_ANALYZER_NUMBER_OBJECT_CONVERSION = YES_AGGRESSIVE;
				CLANG_CXX_LANGUAGE_STANDARD = "gnu++20";
				CLANG_ENABLE_MODULES = YES;
				CLANG_ENABLE_OBJC_ARC = YES;
				CLANG_ENABLE_OBJC_WEAK = YES;
				CLANG_WARN_BLOCK_CAPTURE_AUTORELEASING = YES;
				CLANG_WARN_BOOL_CONVERSION = YES;
				CLANG_WARN_COMMA = YES;
				CLANG_WARN_CONSTANT_CONVERSION = YES;
				CLANG_WARN_DEPRECATED_OBJC_IMPLEMENTATIONS = YES;
				CLANG_WARN_DIRECT_OBJC_ISA_USAGE = YES_ERROR;
				CLANG_WARN_DOCUMENTATION_COMMENTS = YES;
				CLANG_WARN_EMPTY_BODY = YES;
				CLANG_WARN_ENUM_CONVERSION = YES;
				CLANG_WARN_INFINITE_RECURSION = YES;
				CLANG_WARN_INT_CONVERSION = YES;
				CLANG_WARN_NON_LITERAL_NULL_CONVERSION = YES;
				CLANG_WARN_OBJC_IMPLICIT_RETAIN_SELF = YES;
				CLANG_WARN_OBJC_LITERAL_CONVERSION = YES;
				CLANG_WARN_OBJC_ROOT_CLASS = YES_ERROR;
				CLANG_WARN_QUOTED_INCLUDE_IN_FRAMEWORK_HEADER = YES;
				CLANG_WARN_RANGE_LOOP_ANALYSIS = YES;
				CLANG_WARN_STRICT_PROTOTYPES = YES;
				CLANG_WARN_SUSPICIOUS_MOVE = YES;
				CLANG_WARN_UNGUARDED_AVAILABILITY = YES_AGGRESSIVE;
				CLANG_WARN_UNREACHABLE_CODE = YES;
				CLANG_WARN__DUPLICATE_METHOD_MATCH = YES;
				COPY_PHASE_STRIP = NO;
				DEBUG_INFORMATION_FORMAT = dwarf;
				ENABLE_STRICT_OBJC_MSGSEND = YES;
				ENABLE_TESTABILITY = YES;
				GCC_C_LANGUAGE_STANDARD = gnu11;
				GCC_DYNAMIC_NO_PIC = NO;
				GCC_NO_COMMON_BLOCKS = YES;
				GCC_OPTIMIZATION_LEVEL = 0;
				GCC_PREPROCESSOR_DEFINITIONS = (
					"DEBUG=1",
					"$(inherited)",
				);
				GCC_WARN_64_TO_32_BIT_CONVERSION = YES;
				GCC_WARN_ABOUT_RETURN_TYPE = YES_ERROR;
				GCC_WARN_UNDECLARED_SELECTOR = YES;
				GCC_WARN_UNINITIALIZED_AUTOS = YES_AGGRESSIVE;
				GCC_WARN_UNUSED_FUNCTION = YES;
				GCC_WARN_UNUSED_VARIABLE = YES;
				IPHONEOS_DEPLOYMENT_TARGET = 14.0;
				MTL_ENABLE_DEBUG_INFO = INCLUDE_SOURCE;
				MTL_FAST_MATH = YES;
				ONLY_ACTIVE_ARCH = YES;
				SDKROOT = iphoneos;
				SWIFT_ACTIVE_COMPILATION_CONDITIONS = DEBUG;
				SWIFT_OPTIMIZATION_LEVEL = "-Onone";
			};
			name = Debug;
		};
		62C99EE32AADC3DA00F1BC1E /* Release */ = {
			isa = XCBuildConfiguration;
			buildSettings = {
				ALWAYS_SEARCH_USER_PATHS = NO;
				CLANG_ANALYZER_NONNULL = YES;
				CLANG_ANALYZER_NUMBER_OBJECT_CONVERSION = YES_AGGRESSIVE;
				CLANG_CXX_LANGUAGE_STANDARD = "gnu++20";
				CLANG_ENABLE_MODULES = YES;
				CLANG_ENABLE_OBJC_ARC = YES;
				CLANG_ENABLE_OBJC_WEAK = YES;
				CLANG_WARN_BLOCK_CAPTURE_AUTORELEASING = YES;
				CLANG_WARN_BOOL_CONVERSION = YES;
				CLANG_WARN_COMMA = YES;
				CLANG_WARN_CONSTANT_CONVERSION = YES;
				CLANG_WARN_DEPRECATED_OBJC_IMPLEMENTATIONS = YES;
				CLANG_WARN_DIRECT_OBJC_ISA_USAGE = YES_ERROR;
				CLANG_WARN_DOCUMENTATION_COMMENTS = YES;
				CLANG_WARN_EMPTY_BODY = YES;
				CLANG_WARN_ENUM_CONVERSION = YES;
				CLANG_WARN_INFINITE_RECURSION = YES;
				CLANG_WARN_INT_CONVERSION = YES;
				CLANG_WARN_NON_LITERAL_NULL_CONVERSION = YES;
				CLANG_WARN_OBJC_IMPLICIT_RETAIN_SELF = YES;
				CLANG_WARN_OBJC_LITERAL_CONVERSION = YES;
				CLANG_WARN_OBJC_ROOT_CLASS = YES_ERROR;
				CLANG_WARN_QUOTED_INCLUDE_IN_FRAMEWORK_HEADER = YES;
				CLANG_WARN_RANGE_LOOP_ANALYSIS = YES;
				CLANG_WARN_STRICT_PROTOTYPES = YES;
				CLANG_WARN_SUSPICIOUS_MOVE = YES;
				CLANG_WARN_UNGUARDED_AVAILABILITY = YES_AGGRESSIVE;
				CLANG_WARN_UNREACHABLE_CODE = YES;
				CLANG_WARN__DUPLICATE_METHOD_MATCH = YES;
				COPY_PHASE_STRIP = NO;
				DEBUG_INFORMATION_FORMAT = "dwarf-with-dsym";
				ENABLE_NS_ASSERTIONS = NO;
				ENABLE_STRICT_OBJC_MSGSEND = YES;
				GCC_C_LANGUAGE_STANDARD = gnu11;
				GCC_NO_COMMON_BLOCKS = YES;
				GCC_WARN_64_TO_32_BIT_CONVERSION = YES;
				GCC_WARN_ABOUT_RETURN_TYPE = YES_ERROR;
				GCC_WARN_UNDECLARED_SELECTOR = YES;
				GCC_WARN_UNINITIALIZED_AUTOS = YES_AGGRESSIVE;
				GCC_WARN_UNUSED_FUNCTION = YES;
				GCC_WARN_UNUSED_VARIABLE = YES;
				IPHONEOS_DEPLOYMENT_TARGET = 14.0;
				MTL_ENABLE_DEBUG_INFO = NO;
				MTL_FAST_MATH = YES;
				SDKROOT = iphoneos;
				SWIFT_COMPILATION_MODE = wholemodule;
				SWIFT_OPTIMIZATION_LEVEL = "-O";
				VALIDATE_PRODUCT = YES;
			};
			name = Release;
		};
		62C99EE52AADC3DA00F1BC1E /* Debug */ = {
			isa = XCBuildConfiguration;
			buildSettings = {
				ASSETCATALOG_COMPILER_APPICON_NAME = AppIcon;
				ASSETCATALOG_COMPILER_GLOBAL_ACCENT_COLOR_NAME = AccentColor;
				CODE_SIGN_STYLE = Automatic;
				CURRENT_PROJECT_VERSION = 1;
				DEVELOPMENT_TEAM = ULSAGG35TJ;
				GENERATE_INFOPLIST_FILE = YES;
				INFOPLIST_FILE = NewsPosts/Info.plist;
				INFOPLIST_KEY_UIApplicationSupportsIndirectInputEvents = YES;
				INFOPLIST_KEY_UILaunchStoryboardName = LaunchScreen;
				INFOPLIST_KEY_UIMainStoryboardFile = Main;
				INFOPLIST_KEY_UISupportedInterfaceOrientations = UIInterfaceOrientationPortrait;
				INFOPLIST_KEY_UISupportedInterfaceOrientations_iPad = "UIInterfaceOrientationLandscapeLeft UIInterfaceOrientationLandscapeRight UIInterfaceOrientationPortrait UIInterfaceOrientationPortraitUpsideDown";
				IPHONEOS_DEPLOYMENT_TARGET = 14.0;
				LD_RUNPATH_SEARCH_PATHS = (
					"$(inherited)",
					"@executable_path/Frameworks",
				);
				MARKETING_VERSION = 1.0;
				PRODUCT_BUNDLE_IDENTIFIER = com.halsdraiher.NewsPosts;
				PRODUCT_NAME = "$(TARGET_NAME)";
				SUPPORTED_PLATFORMS = "iphoneos iphonesimulator";
				SUPPORTS_MACCATALYST = NO;
				SUPPORTS_MAC_DESIGNED_FOR_IPHONE_IPAD = NO;
				SWIFT_EMIT_LOC_STRINGS = YES;
				SWIFT_VERSION = 5.0;
				TARGETED_DEVICE_FAMILY = 1;
			};
			name = Debug;
		};
		62C99EE62AADC3DA00F1BC1E /* Release */ = {
			isa = XCBuildConfiguration;
			buildSettings = {
				ASSETCATALOG_COMPILER_APPICON_NAME = AppIcon;
				ASSETCATALOG_COMPILER_GLOBAL_ACCENT_COLOR_NAME = AccentColor;
				CODE_SIGN_STYLE = Automatic;
				CURRENT_PROJECT_VERSION = 1;
				DEVELOPMENT_TEAM = ULSAGG35TJ;
				GENERATE_INFOPLIST_FILE = YES;
				INFOPLIST_FILE = NewsPosts/Info.plist;
				INFOPLIST_KEY_UIApplicationSupportsIndirectInputEvents = YES;
				INFOPLIST_KEY_UILaunchStoryboardName = LaunchScreen;
				INFOPLIST_KEY_UIMainStoryboardFile = Main;
				INFOPLIST_KEY_UISupportedInterfaceOrientations = UIInterfaceOrientationPortrait;
				INFOPLIST_KEY_UISupportedInterfaceOrientations_iPad = "UIInterfaceOrientationLandscapeLeft UIInterfaceOrientationLandscapeRight UIInterfaceOrientationPortrait UIInterfaceOrientationPortraitUpsideDown";
				IPHONEOS_DEPLOYMENT_TARGET = 14.0;
				LD_RUNPATH_SEARCH_PATHS = (
					"$(inherited)",
					"@executable_path/Frameworks",
				);
				MARKETING_VERSION = 1.0;
				PRODUCT_BUNDLE_IDENTIFIER = com.halsdraiher.NewsPosts;
				PRODUCT_NAME = "$(TARGET_NAME)";
				SUPPORTED_PLATFORMS = "iphoneos iphonesimulator";
				SUPPORTS_MACCATALYST = NO;
				SUPPORTS_MAC_DESIGNED_FOR_IPHONE_IPAD = NO;
				SWIFT_EMIT_LOC_STRINGS = YES;
				SWIFT_VERSION = 5.0;
				TARGETED_DEVICE_FAMILY = 1;
			};
			name = Release;
		};
/* End XCBuildConfiguration section */

/* Begin XCConfigurationList section */
		62C99ECB2AADC3D900F1BC1E /* Build configuration list for PBXProject "NewsPosts" */ = {
			isa = XCConfigurationList;
			buildConfigurations = (
				62C99EE22AADC3DA00F1BC1E /* Debug */,
				62C99EE32AADC3DA00F1BC1E /* Release */,
			);
			defaultConfigurationIsVisible = 0;
			defaultConfigurationName = Release;
		};
		62C99EE42AADC3DA00F1BC1E /* Build configuration list for PBXNativeTarget "NewsPosts" */ = {
			isa = XCConfigurationList;
			buildConfigurations = (
				62C99EE52AADC3DA00F1BC1E /* Debug */,
				62C99EE62AADC3DA00F1BC1E /* Release */,
			);
			defaultConfigurationIsVisible = 0;
			defaultConfigurationName = Release;
		};
/* End XCConfigurationList section */

/* Begin XCRemoteSwiftPackageReference section */
		62C99EEC2AADCC6C00F1BC1E /* XCRemoteSwiftPackageReference "Alamofire" */ = {
			isa = XCRemoteSwiftPackageReference;
			repositoryURL = "https://github.com/Alamofire/Alamofire.git";
			requirement = {
				kind = upToNextMajorVersion;
				minimumVersion = 5.8.0;
			};
		};
		62C99F072AAF362400F1BC1E /* XCRemoteSwiftPackageReference "Kingfisher" */ = {
			isa = XCRemoteSwiftPackageReference;
			repositoryURL = "https://github.com/onevcat/Kingfisher.git";
			requirement = {
				kind = upToNextMajorVersion;
				minimumVersion = 7.0.0;
			};
		};
/* End XCRemoteSwiftPackageReference section */

/* Begin XCSwiftPackageProductDependency section */
		62C99EED2AADCC6C00F1BC1E /* Alamofire */ = {
			isa = XCSwiftPackageProductDependency;
			package = 62C99EEC2AADCC6C00F1BC1E /* XCRemoteSwiftPackageReference "Alamofire" */;
			productName = Alamofire;
		};
		62C99F082AAF362400F1BC1E /* Kingfisher */ = {
			isa = XCSwiftPackageProductDependency;
			package = 62C99F072AAF362400F1BC1E /* XCRemoteSwiftPackageReference "Kingfisher" */;
			productName = Kingfisher;
		};
/* End XCSwiftPackageProductDependency section */
	};
	rootObject = 62C99EC82AADC3D900F1BC1E /* Project object */;
}
